PODS:
  - Masonry (0.6.1)
  - MBProgressHUD (0.9.2)
  - ReactiveCocoa (2.4.7):
    - ReactiveCocoa/UI (= 2.4.7)
  - ReactiveCocoa/Core (2.4.7):
    - ReactiveCocoa/no-arc
  - ReactiveCocoa/no-arc (2.4.7)
  - ReactiveCocoa/UI (2.4.7):
    - ReactiveCocoa/Core
  - REFormattedNumberField (1.1.5)
  - RETableViewManager (1.6):
    - REFormattedNumberField (~> 1.1.5)
    - REValidation (~> 0.1.4)
  - REValidation (0.1.4)
  - SCRecorder (2.6.1)

DEPENDENCIES:
  - Masonry (= 0.6.1)
  - MBProgressHUD (~> 0.9.2)
  - ReactiveCocoa (= 2.4.7)
  - RETableViewManager (= 1.6)
  - SCRecorder (~> 2.6.1)

SPEC CHECKSUMS:
  Masonry: 4972309f2f134de9dd312f4dc4a21359b50e6caa
  MBProgressHUD: 1569cf7ace17a8bac47aabfbb8580a49690386d1
  ReactiveCocoa: eb38dee0a0e698f73a9b25e5c1faea2bb4c79240
  REFormattedNumberField: be3d55dd709f65541fb26b7e1709da07903147f8
  RETableViewManager: 9667ecb29c005c32df40a1dd1828224840a351a2
  REValidation: 38c4de1be58455f8b00aab208ac80db316a66b7f
  SCRecorder: ef11bc34094c43201cc7c94fa9aeb5266e5b9cf7

COCOAPODS: 0.39.0
